
Microsoft Visual Studio Solution File, Format Version 12.00
# Visual Studio Version 17
VisualStudioVersion = 17.7.34202.233
MinimumVisualStudioVersion = 10.0.40219.1
Project("{9A19103F-16F7-4668-BE54-9A1E7A4F7556}") = "MyEmail", "Email\MyEmail.csproj", "{FD3367CF-5BF9-4722-8743-92C2EF5A401F}"
EndProject
Global
	GlobalSection(SolutionConfigurationPlatforms) = preSolution
		Debug|Any CPU = Debug|Any CPU
		Release|Any CPU = Release|Any CPU
	EndGlobalSection
	GlobalSection(ProjectConfigurationPlatforms) = postSolution
		{FD3367CF-5BF9-4722-8743-92C2EF5A401F}.Debug|Any CPU.ActiveCfg = Debug|Any CPU
		{FD3367CF-5BF9-4722-8743-92C2EF5A401F}.Debug|Any CPU.Build.0 = Debug|Any CPU
		{FD3367CF-5BF9-4722-8743-92C2EF5A401F}.Release|Any CPU.ActiveCfg = Release|Any CPU
		{FD3367CF-5BF9-4722-8743-92C2EF5A401F}.Release|Any CPU.Build.0 = Release|Any CPU
	EndGlobalSection
	GlobalSection(SolutionProperties) = preSolution
		HideSolutionNode = FALSE
	EndGlobalSection
	GlobalSection(ExtensibilityGlobals) = postSolution
		SolutionGuid = {35B7F32B-FEA9-4937-9086-33EC4B1D0649}
	EndGlobalSection
EndGlobal
